{
  "version": 4,
  "terraform_version": "1.7.2",
  "serial": 635,
  "lineage": "6073ee90-c5c2-8cd7-069c-78d6f7a9827a",
  "outputs": {},
  "resources": [
    {
      "mode": "managed",
      "type": "google_compute_backend_service",
      "name": "default",
      "provider": "provider[\"registry.terraform.io/hashicorp/google\"]",
      "instances": [
        {
          "schema_version": 1,
          "attributes": {
            "affinity_cookie_ttl_sec": 0,
            "backend": [
              {
                "balancing_mode": "UTILIZATION",
                "capacity_scaler": 1,
                "description": "",
                "group": "https://www.googleapis.com/compute/v1/projects/pruebatecnica-415517/zones/us-central1-c/instanceGroups/lb-backend-example",
                "max_connections": 0,
                "max_connections_per_endpoint": 0,
                "max_connections_per_instance": 0,
                "max_rate": 0,
                "max_rate_per_endpoint": 0,
                "max_rate_per_instance": 0,
                "max_utilization": 0
              }
            ],
            "cdn_policy": [],
            "circuit_breakers": [],
            "compression_mode": "",
            "connection_draining_timeout_sec": 0,
            "consistent_hash": [],
            "creation_timestamp": "2024-02-29T17:05:08.473-08:00",
            "custom_request_headers": null,
            "custom_response_headers": null,
            "description": "",
            "edge_security_policy": "",
            "enable_cdn": false,
            "fingerprint": "hdhzWGv-m64=",
            "generated_id": 1335061729218697003,
            "health_checks": [
              "projects/pruebatecnica-415517/global/healthChecks/http-basic-check"
            ],
            "iap": [],
            "id": "projects/pruebatecnica-415517/global/backendServices/web-backend-service",
            "load_balancing_scheme": "EXTERNAL_MANAGED",
            "locality_lb_policy": "",
            "log_config": [],
            "name": "web-backend-service",
            "outlier_detection": [],
            "port_name": "http",
            "project": "pruebatecnica-415517",
            "protocol": "HTTP",
            "security_policy": "",
            "security_settings": [],
            "self_link": "https://www.googleapis.com/compute/v1/projects/pruebatecnica-415517/global/backendServices/web-backend-service",
            "session_affinity": "NONE",
            "timeout_sec": 30,
            "timeouts": null
          },
          "sensitive_attributes": [],
          "private": "eyJlMmJmYjczMC1lY2FhLTExZTYtOGY4OC0zNDM2M2JjN2M0YzAiOnsiY3JlYXRlIjoxMjAwMDAwMDAwMDAwLCJkZWxldGUiOjEyMDAwMDAwMDAwMDAsInVwZGF0ZSI6MTIwMDAwMDAwMDAwMH0sInNjaGVtYV92ZXJzaW9uIjoiMSJ9",
          "dependencies": [
            "google_compute_health_check.default",
            "google_compute_instance_group_manager.default",
            "google_compute_instance_template.default"
          ]
        }
      ]
    },
    {
      "mode": "managed",
      "type": "google_compute_firewall",
      "name": "default",
      "provider": "provider[\"registry.terraform.io/hashicorp/google\"]",
      "instances": [
        {
          "schema_version": 1,
          "attributes": {
            "allow": [
              {
                "ports": [
                  "80"
                ],
                "protocol": "tcp"
              }
            ],
            "creation_timestamp": "2024-02-29T17:04:34.412-08:00",
            "deny": [],
            "description": "",
            "destination_ranges": [],
            "direction": "INGRESS",
            "disabled": false,
            "enable_logging": null,
            "id": "projects/pruebatecnica-415517/global/firewalls/fw-allow-health-check",
            "log_config": [],
            "name": "fw-allow-health-check",
            "network": "https://www.googleapis.com/compute/v1/projects/pruebatecnica-415517/global/networks/default",
            "priority": 1000,
            "project": "pruebatecnica-415517",
            "self_link": "https://www.googleapis.com/compute/v1/projects/pruebatecnica-415517/global/firewalls/fw-allow-health-check",
            "source_ranges": [
              "0.0.0.0/0"
            ],
            "source_service_accounts": null,
            "source_tags": null,
            "target_service_accounts": null,
            "target_tags": [
              "allow-health-check"
            ],
            "timeouts": null
          },
          "sensitive_attributes": [],
          "private": "eyJlMmJmYjczMC1lY2FhLTExZTYtOGY4OC0zNDM2M2JjN2M0YzAiOnsiY3JlYXRlIjoxMjAwMDAwMDAwMDAwLCJkZWxldGUiOjEyMDAwMDAwMDAwMDAsInVwZGF0ZSI6MTIwMDAwMDAwMDAwMH0sInNjaGVtYV92ZXJzaW9uIjoiMSJ9"
        }
      ]
    },
    {
      "mode": "managed",
      "type": "google_compute_global_address",
      "name": "default",
      "provider": "provider[\"registry.terraform.io/hashicorp/google\"]",
      "instances": [
        {
          "schema_version": 0,
          "attributes": {
            "address": "34.49.54.7",
            "address_type": "EXTERNAL",
            "creation_timestamp": "2024-02-29T17:04:34.278-08:00",
            "description": "",
            "id": "projects/pruebatecnica-415517/global/addresses/lb-ipv4-1",
            "ip_version": "",
            "name": "lb-ipv4-1",
            "network": "",
            "prefix_length": 0,
            "project": "pruebatecnica-415517",
            "purpose": "",
            "self_link": "https://www.googleapis.com/compute/v1/projects/pruebatecnica-415517/global/addresses/lb-ipv4-1",
            "timeouts": null
          },
          "sensitive_attributes": [],
          "private": "eyJlMmJmYjczMC1lY2FhLTExZTYtOGY4OC0zNDM2M2JjN2M0YzAiOnsiY3JlYXRlIjoxMjAwMDAwMDAwMDAwLCJkZWxldGUiOjEyMDAwMDAwMDAwMDB9fQ=="
        }
      ]
    },
    {
      "mode": "managed",
      "type": "google_compute_global_forwarding_rule",
      "name": "default",
      "provider": "provider[\"registry.terraform.io/hashicorp/google\"]",
      "instances": [
        {
          "schema_version": 0,
          "attributes": {
            "description": "",
            "id": "projects/pruebatecnica-415517/global/forwardingRules/http-content-rule",
            "ip_address": "projects/pruebatecnica-415517/global/addresses/lb-ipv4-1",
            "ip_protocol": "TCP",
            "ip_version": "",
            "label_fingerprint": "42WmSpB8rSM=",
            "labels": null,
            "load_balancing_scheme": "EXTERNAL_MANAGED",
            "metadata_filters": [],
            "name": "http-content-rule",
            "network": "",
            "port_range": "80-80",
            "project": "pruebatecnica-415517",
            "psc_connection_id": "",
            "psc_connection_status": "",
            "self_link": "https://www.googleapis.com/compute/v1/projects/pruebatecnica-415517/global/forwardingRules/http-content-rule",
            "target": "projects/pruebatecnica-415517/global/targetHttpProxies/http-lb-proxy",
            "timeouts": null
          },
          "sensitive_attributes": [],
          "private": "eyJlMmJmYjczMC1lY2FhLTExZTYtOGY4OC0zNDM2M2JjN2M0YzAiOnsiY3JlYXRlIjoxMjAwMDAwMDAwMDAwLCJkZWxldGUiOjEyMDAwMDAwMDAwMDAsInVwZGF0ZSI6MTIwMDAwMDAwMDAwMH19",
          "dependencies": [
            "google_compute_backend_service.default",
            "google_compute_global_address.default",
            "google_compute_health_check.default",
            "google_compute_instance_group_manager.default",
            "google_compute_instance_template.default",
            "google_compute_target_http_proxy.default",
            "google_compute_url_map.default"
          ]
        }
      ]
    },
    {
      "mode": "managed",
      "type": "google_compute_health_check",
      "name": "default",
      "provider": "provider[\"registry.terraform.io/hashicorp/google\"]",
      "instances": [
        {
          "schema_version": 0,
          "attributes": {
            "check_interval_sec": 5,
            "creation_timestamp": "2024-02-29T17:04:34.204-08:00",
            "description": "",
            "grpc_health_check": [],
            "healthy_threshold": 2,
            "http2_health_check": [],
            "http_health_check": [
              {
                "host": "",
                "port": 80,
                "port_name": "",
                "port_specification": "USE_FIXED_PORT",
                "proxy_header": "NONE",
                "request_path": "/",
                "response": ""
              }
            ],
            "https_health_check": [],
            "id": "projects/pruebatecnica-415517/global/healthChecks/http-basic-check",
            "log_config": [
              {
                "enable": false
              }
            ],
            "name": "http-basic-check",
            "project": "pruebatecnica-415517",
            "self_link": "https://www.googleapis.com/compute/v1/projects/pruebatecnica-415517/global/healthChecks/http-basic-check",
            "ssl_health_check": [],
            "tcp_health_check": [],
            "timeout_sec": 5,
            "timeouts": null,
            "type": "HTTP",
            "unhealthy_threshold": 2
          },
          "sensitive_attributes": [],
          "private": "eyJlMmJmYjczMC1lY2FhLTExZTYtOGY4OC0zNDM2M2JjN2M0YzAiOnsiY3JlYXRlIjoxMjAwMDAwMDAwMDAwLCJkZWxldGUiOjEyMDAwMDAwMDAwMDAsInVwZGF0ZSI6MTIwMDAwMDAwMDAwMH19"
        }
      ]
    },
    {
      "mode": "managed",
      "type": "google_compute_instance",
      "name": "bal_instance",
      "provider": "provider[\"registry.terraform.io/hashicorp/google\"]",
      "instances": [
        {
          "schema_version": 6,
          "attributes": {
            "advanced_machine_features": [],
            "allow_stopping_for_update": null,
            "attached_disk": [],
            "boot_disk": [
              {
                "auto_delete": true,
                "device_name": "persistent-disk-0",
                "disk_encryption_key_raw": "",
                "disk_encryption_key_sha256": "",
                "initialize_params": [
                  {
                    "image": "https://www.googleapis.com/compute/v1/projects/debian-cloud/global/images/debian-11-bullseye-v20240213",
                    "labels": {
                      "my_label": "value"
                    },
                    "size": 10,
                    "type": "pd-standard"
                  }
                ],
                "kms_key_self_link": "",
                "mode": "READ_WRITE",
                "source": "https://www.googleapis.com/compute/v1/projects/pruebatecnica-415517/zones/us-central1-c/disks/bal-instance"
              }
            ],
            "can_ip_forward": false,
            "confidential_instance_config": [],
            "cpu_platform": "Intel Cascade Lake",
            "current_status": "RUNNING",
            "deletion_protection": false,
            "description": "",
            "desired_status": null,
            "enable_display": false,
            "guest_accelerator": [],
            "hostname": "",
            "id": "projects/pruebatecnica-415517/zones/us-central1-c/instances/bal-instance",
            "instance_id": "4918831511002453837",
            "label_fingerprint": "42WmSpB8rSM=",
            "labels": null,
            "machine_type": "n2-standard-2",
            "metadata": {
              "ssh-keys": "franramosguardiola:ssh-rsa AAAAB3NzaC1yc2EAAAADAQABAAABgQCpcWrsSYRUWzpRWWW13NWy4woMw0LR8gx+55jXi3NtAcMoemm/PN1rH/bh2cOrskZcziQINmNTQuxx7WJw+1ghoZpc1YXRqrYXKktNYkTmPHixtLld/c2XzPDAb/4rO2GzC1fWxfr8lO37M0fNNd2oZPrfVhm8rTQGd4OssaGJm6W3cIoP7T7T1KRQCbeLApbFIcGih3+1vwK0oSBMLZ3QIXl+dKxiK7/xtn7QCxIpfIwnaTDM4VuNplm/PjtxxoMKGPLLWomqP0nVkOoFObHBzpChwiz0Ao8uyjxfu2MuLGyf8aeNrCrdzNRMPX9MRTEpZpwi+ymnC9DtNV9i2OkEIoSnIiQBwyUqTKrO30IB/SgpeXOUdrs9NgbgU8dv/IHRaI1VYTIKnyh2fKP+h3sspo5zOVP9S12LM7d/Ncy8UpThyIdn/POB2wwyommosZCVbrEb8cUpU1XJarcBHgVX9Y2wnQFgomo4o5BzGHPGEDyS/GTbMGqyEy8rjrZbWM8= franramosguardiola@cs-917743000265-default\n"
            },
            "metadata_fingerprint": "nvBRUKAF21Q=",
            "metadata_startup_script": null,
            "min_cpu_platform": "",
            "name": "bal-instance",
            "network_interface": [
              {
                "access_config": [
                  {
                    "nat_ip": "34.136.210.55",
                    "network_tier": "PREMIUM",
                    "public_ptr_domain_name": ""
                  }
                ],
                "alias_ip_range": [],
                "ipv6_access_config": [],
                "ipv6_access_type": "",
                "name": "nic0",
                "network": "https://www.googleapis.com/compute/v1/projects/pruebatecnica-415517/global/networks/default",
                "network_ip": "10.128.0.41",
                "nic_type": "",
                "queue_count": 0,
                "stack_type": "IPV4_ONLY",
                "subnetwork": "https://www.googleapis.com/compute/v1/projects/pruebatecnica-415517/regions/us-central1/subnetworks/default",
                "subnetwork_project": "pruebatecnica-415517"
              }
            ],
            "project": "pruebatecnica-415517",
            "reservation_affinity": [],
            "resource_policies": null,
            "scheduling": [
              {
                "automatic_restart": true,
                "instance_termination_action": "",
                "min_node_cpus": 0,
                "node_affinities": [],
                "on_host_maintenance": "MIGRATE",
                "preemptible": false,
                "provisioning_model": "STANDARD"
              }
            ],
            "scratch_disk": [],
            "self_link": "https://www.googleapis.com/compute/v1/projects/pruebatecnica-415517/zones/us-central1-c/instances/bal-instance",
            "service_account": [],
            "shielded_instance_config": [
              {
                "enable_integrity_monitoring": true,
                "enable_secure_boot": false,
                "enable_vtpm": true
              }
            ],
            "tags": [
              "http-server",
              "https-server"
            ],
            "tags_fingerprint": "6smc4R4d39I=",
            "timeouts": null,
            "zone": "us-central1-c"
          },
          "sensitive_attributes": [],
          "private": "eyJlMmJmYjczMC1lY2FhLTExZTYtOGY4OC0zNDM2M2JjN2M0YzAiOnsiY3JlYXRlIjoxMjAwMDAwMDAwMDAwLCJkZWxldGUiOjEyMDAwMDAwMDAwMDAsInVwZGF0ZSI6MTIwMDAwMDAwMDAwMH0sInNjaGVtYV92ZXJzaW9uIjoiNiJ9"
        }
      ]
    },
    {
      "mode": "managed",
      "type": "google_compute_instance_group_manager",
      "name": "default",
      "provider": "provider[\"registry.terraform.io/hashicorp/google\"]",
      "instances": [
        {
          "schema_version": 0,
          "attributes": {
            "auto_healing_policies": [],
            "base_instance_name": "app-instance",
            "description": "",
            "fingerprint": "I6i7QRa9n8Y=",
            "id": "projects/pruebatecnica-415517/zones/us-central1-c/instanceGroupManagers/lb-backend-example",
            "instance_group": "https://www.googleapis.com/compute/v1/projects/pruebatecnica-415517/zones/us-central1-c/instanceGroups/lb-backend-example",
            "list_managed_instances_results": "PAGELESS",
            "name": "lb-backend-example",
            "named_port": [
              {
                "name": "http",
                "port": 80
              }
            ],
            "operation": null,
            "project": "pruebatecnica-415517",
            "self_link": "https://www.googleapis.com/compute/v1/projects/pruebatecnica-415517/zones/us-central1-c/instanceGroupManagers/lb-backend-example",
            "stateful_disk": [],
            "status": [
              {
                "is_stable": false,
                "stateful": [
                  {
                    "has_stateful_config": false,
                    "per_instance_configs": [
                      {
                        "all_effective": true
                      }
                    ]
                  }
                ],
                "version_target": [
                  {
                    "is_reached": true
                  }
                ]
              }
            ],
            "target_pools": null,
            "target_size": 1,
            "timeouts": null,
            "update_policy": [
              {
                "max_surge_fixed": 1,
                "max_surge_percent": 0,
                "max_unavailable_fixed": 1,
                "max_unavailable_percent": 0,
                "minimal_action": "REPLACE",
                "most_disruptive_allowed_action": "",
                "replacement_method": "SUBSTITUTE",
                "type": "OPPORTUNISTIC"
              }
            ],
            "version": [
              {
                "instance_template": "https://www.googleapis.com/compute/v1/projects/pruebatecnica-415517/global/instanceTemplates/lb-backend-template",
                "name": "primary",
                "target_size": []
              }
            ],
            "wait_for_instances": false,
            "wait_for_instances_status": "STABLE",
            "zone": "us-central1-c"
          },
          "sensitive_attributes": [],
          "private": "eyJlMmJmYjczMC1lY2FhLTExZTYtOGY4OC0zNDM2M2JjN2M0YzAiOnsiY3JlYXRlIjo5MDAwMDAwMDAwMDAsImRlbGV0ZSI6OTAwMDAwMDAwMDAwLCJ1cGRhdGUiOjkwMDAwMDAwMDAwMH19",
          "dependencies": [
            "google_compute_instance_template.default"
          ]
        }
      ]
    },
    {
      "mode": "managed",
      "type": "google_compute_instance_template",
      "name": "default",
      "provider": "provider[\"registry.terraform.io/hashicorp/google\"]",
      "instances": [
        {
          "schema_version": 1,
          "attributes": {
            "advanced_machine_features": [],
            "can_ip_forward": false,
            "confidential_instance_config": null,
            "description": "",
            "disk": [
              {
                "auto_delete": true,
                "boot": true,
                "device_name": "persistent-disk-0",
                "disk_encryption_key": [],
                "disk_name": "",
                "disk_size_gb": 0,
                "disk_type": "pd-standard",
                "interface": "SCSI",
                "labels": {
                  "my_label": "value"
                },
                "mode": "READ_WRITE",
                "resource_policies": null,
                "source": "",
                "source_image": "projects/debian-cloud/global/images/family/debian-11",
                "source_image_encryption_key": [],
                "source_snapshot": "",
                "source_snapshot_encryption_key": [],
                "type": "PERSISTENT"
              }
            ],
            "guest_accelerator": [],
            "id": "projects/pruebatecnica-415517/global/instanceTemplates/lb-backend-template",
            "instance_description": "",
            "labels": null,
            "machine_type": "n2-standard-2",
            "metadata": {
              "ssh-keys": "franramosguardiola:ssh-rsa AAAAB3NzaC1yc2EAAAADAQABAAABgQCpcWrsSYRUWzpRWWW13NWy4woMw0LR8gx+55jXi3NtAcMoemm/PN1rH/bh2cOrskZcziQINmNTQuxx7WJw+1ghoZpc1YXRqrYXKktNYkTmPHixtLld/c2XzPDAb/4rO2GzC1fWxfr8lO37M0fNNd2oZPrfVhm8rTQGd4OssaGJm6W3cIoP7T7T1KRQCbeLApbFIcGih3+1vwK0oSBMLZ3QIXl+dKxiK7/xtn7QCxIpfIwnaTDM4VuNplm/PjtxxoMKGPLLWomqP0nVkOoFObHBzpChwiz0Ao8uyjxfu2MuLGyf8aeNrCrdzNRMPX9MRTEpZpwi+ymnC9DtNV9i2OkEIoSnIiQBwyUqTKrO30IB/SgpeXOUdrs9NgbgU8dv/IHRaI1VYTIKnyh2fKP+h3sspo5zOVP9S12LM7d/Ncy8UpThyIdn/POB2wwyommosZCVbrEb8cUpU1XJarcBHgVX9Y2wnQFgomo4o5BzGHPGEDyS/GTbMGqyEy8rjrZbWM8= franramosguardiola@cs-917743000265-default\n",
              "startup-script": "#! /bin/bash\n     sudo apt-get update\n     sudo apt-get install apache2 -y\n     sudo a2ensite default-ssl\n     sudo a2enmod ssl\n     vm_hostname=\"$(curl -H \"Metadata-Flavor:Google\" \\\n   http://169.254.169.254/computeMetadata/v1/instance/name)\"\n   sudo echo \"Page served from: $vm_hostname\" | \\\n   tee /var/www/html/index.html\n   sudo systemctl restart apache2"
            },
            "metadata_fingerprint": "yQ9tlkKBP0g=",
            "metadata_startup_script": null,
            "min_cpu_platform": "",
            "name": "lb-backend-template",
            "name_prefix": null,
            "network_interface": [
              {
                "access_config": [
                  {
                    "nat_ip": "",
                    "network_tier": "PREMIUM",
                    "public_ptr_domain_name": ""
                  }
                ],
                "alias_ip_range": [],
                "ipv6_access_config": [],
                "ipv6_access_type": "",
                "name": "nic0",
                "network": "https://www.googleapis.com/compute/v1/projects/pruebatecnica-415517/global/networks/default",
                "network_ip": "",
                "nic_type": "",
                "queue_count": 0,
                "stack_type": "",
                "subnetwork": "",
                "subnetwork_project": ""
              }
            ],
            "project": "pruebatecnica-415517",
            "region": null,
            "reservation_affinity": [],
            "scheduling": [
              {
                "automatic_restart": true,
                "instance_termination_action": "",
                "min_node_cpus": 0,
                "node_affinities": [],
                "on_host_maintenance": "MIGRATE",
                "preemptible": false,
                "provisioning_model": "STANDARD"
              }
            ],
            "self_link": "https://www.googleapis.com/compute/v1/projects/pruebatecnica-415517/global/instanceTemplates/lb-backend-template",
            "service_account": [],
            "shielded_instance_config": [],
            "tags": [
              "allow-health-check"
            ],
            "tags_fingerprint": "",
            "timeouts": null
          },
          "sensitive_attributes": [],
          "private": "eyJlMmJmYjczMC1lY2FhLTExZTYtOGY4OC0zNDM2M2JjN2M0YzAiOnsiY3JlYXRlIjoyNDAwMDAwMDAwMDAsImRlbGV0ZSI6MjQwMDAwMDAwMDAwfSwic2NoZW1hX3ZlcnNpb24iOiIxIn0="
        }
      ]
    },
    {
      "mode": "managed",
      "type": "google_compute_network",
      "name": "vpc_network",
      "provider": "provider[\"registry.terraform.io/hashicorp/google\"]",
      "instances": [
        {
          "schema_version": 0,
          "attributes": {
            "auto_create_subnetworks": true,
            "delete_default_routes_on_create": false,
            "description": "",
            "enable_ula_internal_ipv6": false,
            "gateway_ipv4": "",
            "id": "projects/pruebatecnica-415517/global/networks/red-local-pt",
            "internal_ipv6_range": "",
            "mtu": 0,
            "name": "red-local-pt",
            "project": "pruebatecnica-415517",
            "routing_mode": "REGIONAL",
            "self_link": "https://www.googleapis.com/compute/v1/projects/pruebatecnica-415517/global/networks/red-local-pt",
            "timeouts": null
          },
          "sensitive_attributes": [],
          "private": "eyJlMmJmYjczMC1lY2FhLTExZTYtOGY4OC0zNDM2M2JjN2M0YzAiOnsiY3JlYXRlIjoxMjAwMDAwMDAwMDAwLCJkZWxldGUiOjEyMDAwMDAwMDAwMDAsInVwZGF0ZSI6MTIwMDAwMDAwMDAwMH19"
        }
      ]
    },
    {
      "mode": "managed",
      "type": "google_compute_target_http_proxy",
      "name": "default",
      "provider": "provider[\"registry.terraform.io/hashicorp/google\"]",
      "instances": [
        {
          "schema_version": 0,
          "attributes": {
            "creation_timestamp": "2024-02-29T17:05:41.880-08:00",
            "description": "",
            "id": "projects/pruebatecnica-415517/global/targetHttpProxies/http-lb-proxy",
            "name": "http-lb-proxy",
            "project": "pruebatecnica-415517",
            "proxy_bind": false,
            "proxy_id": 8579437811035051786,
            "self_link": "https://www.googleapis.com/compute/v1/projects/pruebatecnica-415517/global/targetHttpProxies/http-lb-proxy",
            "timeouts": null,
            "url_map": "https://www.googleapis.com/compute/v1/projects/pruebatecnica-415517/global/urlMaps/web-map-http"
          },
          "sensitive_attributes": [],
          "private": "eyJlMmJmYjczMC1lY2FhLTExZTYtOGY4OC0zNDM2M2JjN2M0YzAiOnsiY3JlYXRlIjoxMjAwMDAwMDAwMDAwLCJkZWxldGUiOjEyMDAwMDAwMDAwMDAsInVwZGF0ZSI6MTIwMDAwMDAwMDAwMH19",
          "dependencies": [
            "google_compute_backend_service.default",
            "google_compute_health_check.default",
            "google_compute_instance_group_manager.default",
            "google_compute_instance_template.default",
            "google_compute_url_map.default"
          ]
        }
      ]
    },
    {
      "mode": "managed",
      "type": "google_compute_url_map",
      "name": "default",
      "provider": "provider[\"registry.terraform.io/hashicorp/google\"]",
      "instances": [
        {
          "schema_version": 0,
          "attributes": {
            "creation_timestamp": "2024-02-29T17:05:30.624-08:00",
            "default_route_action": [],
            "default_service": "https://www.googleapis.com/compute/v1/projects/pruebatecnica-415517/global/backendServices/web-backend-service",
            "default_url_redirect": [],
            "description": "",
            "fingerprint": "Trv5HwJMems=",
            "header_action": [],
            "host_rule": [],
            "id": "projects/pruebatecnica-415517/global/urlMaps/web-map-http",
            "map_id": 688994065446639413,
            "name": "web-map-http",
            "path_matcher": [],
            "project": "pruebatecnica-415517",
            "self_link": "https://www.googleapis.com/compute/v1/projects/pruebatecnica-415517/global/urlMaps/web-map-http",
            "test": [],
            "timeouts": null
          },
          "sensitive_attributes": [],
          "private": "eyJlMmJmYjczMC1lY2FhLTExZTYtOGY4OC0zNDM2M2JjN2M0YzAiOnsiY3JlYXRlIjoxMjAwMDAwMDAwMDAwLCJkZWxldGUiOjEyMDAwMDAwMDAwMDAsInVwZGF0ZSI6MTIwMDAwMDAwMDAwMH19",
          "dependencies": [
            "google_compute_backend_service.default",
            "google_compute_health_check.default",
            "google_compute_instance_group_manager.default",
            "google_compute_instance_template.default"
          ]
        }
      ]
    }
  ],
  "check_results": null
}
